{
  "name": "clickgas-sql-check",
  "lockfileVersion": 3,
  "requires": true,
  "packages": {
    "": {
      "name": "clickgas-sql-check",
      "dependencies": {
        "libpg-query": "^18.1.4",
        "pgsql-parser": "^17.0.0"
      }
    },
    "node_modules/@pgsql/quotes": {
      "version": "17.1.0",
      "resolved": "https://registry.npmjs.org/@pgsql/quotes/-/quotes-17.1.0.tgz",
      "integrity": "sha512-J/H+LcrENBpYgL45WW6aTjb5Yk4tX4+AmB2/k8KZa+Zh3wiCtqmNIag+HZz5HmWaF6EZK9ZGC95NBD1fs+rUvg==",
      "license": "MIT"
    },
    "node_modules/@pgsql/types": {
      "version": "17.6.2",
      "resolved": "https://registry.npmjs.org/@pgsql/types/-/types-17.6.2.tgz",
      "integrity": "sha512-1UtbELdbqNdyOShhrVfSz3a1gDi0s9XXiQemx+6QqtsrXe62a6zOGU+vjb2GRfG5jeEokI1zBBcfD42enRv0Rw==",
      "license": "MIT"
    },
    "node_modules/libpg-query": {
      "version": "18.1.4",
      "resolved": "https://registry.npmjs.org/libpg-query/-/libpg-query-18.1.4.tgz",
      "integrity": "sha512-6jF9qn9ln4yLnmSF+bS/DBvAfNcPhGI05+pkQy+n3cRd3p9aO8LWjquEin8SLO0k7zYk745ZGBXYUiL9AUI7gA==",
      "license": "MIT",
      "dependencies": {
        "@pgsql/types": "^18.0.0"
      }
    },
    "node_modules/libpg-query/node_modules/@pgsql/types": {
      "version": "18.0.0",
      "resolved": "https://registry.npmjs.org/@pgsql/types/-/types-18.0.0.tgz",
      "integrity": "sha512-jtAY4JU7jdVYZ/Vv3zlZqVP+FRWZokyCLKPPCnAApiaJAElpyyiMC3HRiquBu29kSrVs+rkqZD50SUIb/zyEGw==",
      "license": "MIT"
    },
    "node_modules/pgsql-deparser": {
      "version": "17.18.5",
      "resolved": "https://registry.npmjs.org/pgsql-deparser/-/pgsql-deparser-17.18.5.tgz",
      "integrity": "sha512-C23etz+aWjp5d09SQwrByisCIV0Zy1dPI0IdBPBaRiMRrDQ2MH8O9txvqpxPyWiXEGRU+MMvZqk48UHxWWbODg==",
      "license": "MIT",
      "dependencies": {
        "@pgsql/quotes": "17.1.0",
        "@pgsql/types": "^17.6.2"
      }
    },
    "node_modules/pgsql-parser": {
      "version": "17.9.17",
      "resolved": "https://registry.npmjs.org/pgsql-parser/-/pgsql-parser-17.9.17.tgz",
      "integrity": "sha512-xfKV3hAXtc5wGnsa9mq7ZLwBlFIZCWS17t+QGRm5H5Lj/BLNrI8j8nWFbSAOHemEgTrnav1pUmHP5hDVXf1EUA==",
      "license": "MIT",
      "dependencies": {
        "@pgsql/types": "^17.6.2",
        "libpg-query": "17.7.3",
        "pgsql-deparser": "17.18.5"
      }
    },
    "node_modules/pgsql-parser/node_modules/libpg-query": {
      "version": "17.7.3",
      "resolved": "https://registry.npmjs.org/libpg-query/-/libpg-query-17.7.3.tgz",
      "integrity": "sha512-lHKBvoWRsXt/9bJxpAeFxkLu0CA6tELusqy3o1z6/DwGXSETxhKJDaNlNdrNV8msvXDLBhpg/4RE/fKKs5rYFA==",
      "license": "MIT",
      "dependencies": {
        "@pgsql/types": "^17.6.2"
      }
    }
  }
}
